PODS:
  - blake2.c (0.1.0)
  - ed25519.c (0.1.1)
  - NovaCrypto (0.2.0):
    - NovaCrypto/BIP39 (= 0.2.0)
    - NovaCrypto/blake2 (= 0.2.0)
    - NovaCrypto/Common (= 0.2.0)
    - NovaCrypto/ed25519 (= 0.2.0)
    - NovaCrypto/secp256k1 (= 0.2.0)
    - NovaCrypto/sr25519 (= 0.2.0)
    - NovaCrypto/ss58 (= 0.2.0)
  - NovaCrypto/BIP39 (0.2.0):
    - NovaCrypto/Common
  - NovaCrypto/blake2 (0.2.0):
    - blake2.c (~> 0.1.0)
  - NovaCrypto/Common (0.2.0)
  - NovaCrypto/ed25519 (0.2.0):
    - ed25519.c (~> 0.1.0)
    - NovaCrypto/Common
  - NovaCrypto/secp256k1 (0.2.0):
    - NovaCrypto/Common
    - secp256k1.c (~> 0.1)
  - NovaCrypto/sr25519 (0.2.0):
    - NovaCrypto/BIP39
    - NovaCrypto/blake2
    - NovaCrypto/Common
    - sr25519c (~> 0.2.0)
  - NovaCrypto/ss58 (0.2.0):
    - NovaCrypto/blake2
    - NovaCrypto/Common
  - secp256k1.c (0.1.3)
  - sr25519c (0.2.0)

DEPENDENCIES:
  - blake2.c (from `https://github.com/novasamatech/blake2.c`, tag `0.1.0`)
  - ed25519.c (from `https://github.com/novasamatech/ed25519.c`, tag `0.1.1`)
  - NovaCrypto (from `../..`)
  - secp256k1.c (from `https://github.com/novasamatech/secp256k1.c`, tag `0.1.3`)
  - sr25519c (from `https://github.com/novasamatech/sr25519.c`, tag `0.2.0`)

EXTERNAL SOURCES:
  blake2.c:
    :git: https://github.com/novasamatech/blake2.c
    :tag: 0.1.0
  ed25519.c:
    :git: https://github.com/novasamatech/ed25519.c
    :tag: 0.1.1
  NovaCrypto:
    :path: "../.."
  secp256k1.c:
    :git: https://github.com/novasamatech/secp256k1.c
    :tag: 0.1.3
  sr25519c:
    :git: https://github.com/novasamatech/sr25519.c
    :tag: 0.2.0

CHECKOUT OPTIONS:
  blake2.c:
    :git: https://github.com/novasamatech/blake2.c
    :tag: 0.1.0
  ed25519.c:
    :git: https://github.com/novasamatech/ed25519.c
    :tag: 0.1.1
  secp256k1.c:
    :git: https://github.com/novasamatech/secp256k1.c
    :tag: 0.1.3
  sr25519c:
    :git: https://github.com/novasamatech/sr25519.c
    :tag: 0.2.0

SPEC CHECKSUMS:
  blake2.c: 49d32e8c358161437c30a04d325be708233d221e
  ed25519.c: ef3089bbe0f9206085dbf00b32080bfdfc0c443e
  NovaCrypto: 676885704270b0764947bd07604362ef51a74433
  secp256k1.c: 9df12a79da0a6735022c5d996d2df6a6e57e1d99
  sr25519c: 296fca27b68d685ef515473c4a6dfe7325195688

PODFILE CHECKSUM: ce334b49d9b8e41e3ff878d02aff5d812eef2e0b

COCOAPODS: 1.15.2
